{
  "nodes": {
    "disko": {
      "inputs": {
        "nixpkgs": [
          "nixpkgs"
        ]
      },
      "locked": {
        "lastModified": 1772420042,
        "narHash": "sha256-naZz40TUFMa0E0CutvwWsSPhgD5JldyTUDEgP9ADpfU=",
        "owner": "nix-community",
        "repo": "disko",
        "rev": "5af7af10f14706e4095bd6bc0d9373eb097283c6",
        "type": "github"
      },
      "original": {
        "owner": "nix-community",
        "repo": "disko",
        "type": "github"
      }
    },
    "disko-zfs": {
      "inputs": {
        "disko": [
          "disko"
        ],
        "flake-parts": "flake-parts",
        "nixpkgs": [
          "nixpkgs"
        ]
      },
      "locked": {
        "lastModified": 1770321885,
        "narHash": "sha256-vstPxkv5z3CINTcgOUE6GLeoDkoUkNSzJRNRTPnxPXo=",
        "owner": "numtide",
        "repo": "disko-zfs",
        "rev": "0b19393c25f2abc91b08a492f2650aadc34b91eb",
        "type": "github"
      },
      "original": {
        "owner": "numtide",
        "repo": "disko-zfs",
        "type": "github"
      }
    },
    "flake-parts": {
      "inputs": {
        "nixpkgs-lib": "nixpkgs-lib"
      },
      "locked": {
        "lastModified": 1763759067,
        "narHash": "sha256-LlLt2Jo/gMNYAwOgdRQBrsRoOz7BPRkzvNaI/fzXi2Q=",
        "owner": "hercules-ci",
        "repo": "flake-parts",
        "rev": "2cccadc7357c0ba201788ae99c4dfa90728ef5e0",
        "type": "github"
      },
      "original": {
        "owner": "hercules-ci",
        "repo": "flake-parts",
        "type": "github"
      }
    },
    "home-manager": {
      "inputs": {
        "nixpkgs": [
          "nixpkgs"
        ]
      },
      "locked": {
        "lastModified": 1772380461,
        "narHash": "sha256-O3ukj3Bb3V0Tiy/4LUfLlBpWypJ9P0JeUgsKl2nmZZY=",
        "owner": "nix-community",
        "repo": "home-manager",
        "rev": "f140aa04d7d14f8a50ab27f3691b5766b17ae961",
        "type": "github"
      },
      "original": {
        "owner": "nix-community",
        "repo": "home-manager",
        "type": "github"
      }
    },
    "nixpkgs": {
      "locked": {
        "lastModified": 1772433332,
        "narHash": "sha256-izhTDFKsg6KeVBxJS9EblGeQ8y+O8eCa6RcW874vxEc=",
        "owner": "nixos",
        "repo": "nixpkgs",
        "rev": "cf59864ef8aa2e178cccedbe2c178185b0365705",
        "type": "github"
      },
      "original": {
        "owner": "nixos",
        "ref": "nixos-unstable",
        "repo": "nixpkgs",
        "type": "github"
      }
    },
    "nixpkgs-lib": {
      "locked": {
        "lastModified": 1761765539,
        "narHash": "sha256-b0yj6kfvO8ApcSE+QmA6mUfu8IYG6/uU28OFn4PaC8M=",
        "owner": "nix-community",
        "repo": "nixpkgs.lib",
        "rev": "719359f4562934ae99f5443f20aa06c2ffff91fc",
        "type": "github"
      },
      "original": {
        "owner": "nix-community",
        "repo": "nixpkgs.lib",
        "type": "github"
      }
    },
    "root": {
      "inputs": {
        "disko": "disko",
        "disko-zfs": "disko-zfs",
        "home-manager": "home-manager",
        "nixpkgs": "nixpkgs",
        "sops-nix": "sops-nix"
      }
    },
    "sops-nix": {
      "inputs": {
        "nixpkgs": [
          "nixpkgs"
        ]
      },
      "locked": {
        "lastModified": 1772495394,
        "narHash": "sha256-hmIvE/slLKEFKNEJz27IZ8BKlAaZDcjIHmkZ7GCEjfw=",
        "owner": "Mic92",
        "repo": "sops-nix",
        "rev": "1d9b98a29a45abe9c4d3174bd36de9f28755e3ff",
        "type": "github"
      },
      "original": {
        "owner": "Mic92",
        "repo": "sops-nix",
        "type": "github"
      }
    }
  },
  "root": "root",
  "version": 7
}
